
Microsoft Visual Studio Solution File, Format Version 12.00
# Visual Studio Version 17
VisualStudioVersion = 17.2.32616.157
MinimumVisualStudioVersion = 10.0.40219.1
Project("{FAE04EC0-301F-11D3-BF4B-00C04F79EFBC}") = "csharp-oop-shop", "csharp-oop-shop.csproj", "{D6B18054-4CCD-4B01-B4B6-6CAC5FFBBEE6}"
EndProject
Global
	GlobalSection(SolutionConfigurationPlatforms) = preSolution
		Debug|Any CPU = Debug|Any CPU
		Release|Any CPU = Release|Any CPU
	EndGlobalSection
	GlobalSection(ProjectConfigurationPlatforms) = postSolution
		{D6B18054-4CCD-4B01-B4B6-6CAC5FFBBEE6}.Debug|Any CPU.ActiveCfg = Debug|Any CPU
		{D6B18054-4CCD-4B01-B4B6-6CAC5FFBBEE6}.Debug|Any CPU.Build.0 = Debug|Any CPU
		{D6B18054-4CCD-4B01-B4B6-6CAC5FFBBEE6}.Release|Any CPU.ActiveCfg = Release|Any CPU
		{D6B18054-4CCD-4B01-B4B6-6CAC5FFBBEE6}.Release|Any CPU.Build.0 = Release|Any CPU
	EndGlobalSection
	GlobalSection(SolutionProperties) = preSolution
		HideSolutionNode = FALSE
	EndGlobalSection
	GlobalSection(ExtensibilityGlobals) = postSolution
		SolutionGuid = {76BE9794-13A2-495E-BA39-E7BA737CC7CF}
	EndGlobalSection
EndGlobal
